{
  "name": "accessible-bank",
  "version": "0.0.0",
  "lockfileVersion": 3,
  "requires": true,
  "packages": {
    "": {
      "name": "accessible-bank",
      "version": "0.0.0",
      "devDependencies": {
        "vite": "^5.0.8"
      }
    },
    "node_modules/@esbuild/aix-ppc64": {
      "version": "0.19.11",
      "resolved": "https://pkgs.dev.azure.com/daimler-mic/_packaging/mercedes-developer-experience/npm/registry/@esbuild/aix-ppc64/-/aix-ppc64-0.19.11.tgz",
      "integrity": "sha1-Ks0gvm1PBFi8jHhBA0lf8k8TsdM=",
      "cpu": [
        "ppc64"
      ],
      "dev": true,
      "license": "MIT",
      "optional": true,
      "os": [
        "aix"
      ],
      "engines": {
        "node": ">=12"
      }
    },
    "node_modules/@esbuild/android-arm": {
      "version": "0.19.11",
      "resolved": "https://pkgs.dev.azure.com/daimler-mic/_packaging/mercedes-developer-experience/npm/registry/@esbuild/android-arm/-/android-arm-0.19.11.tgz",
      "integrity": "sha1-9G9VQU4cNhSsaCspl3eSExI4Fkw=",
      "cpu": [
        "arm"
      ],
      "dev": true,
      "license": "MIT",
      "optional": true,
      "os": [
        "android"
      ],
      "engines": {
        "node": ">=12"
      }
    },
    "node_modules/@esbuild/android-arm64": {
      "version": "0.19.11",
      "resolved": "https://pkgs.dev.azure.com/daimler-mic/_packaging/mercedes-developer-experience/npm/registry/@esbuild/android-arm64/-/android-arm64-0.19.11.tgz",
      "integrity": "sha1-tF0AABc4XJBRpPA+FweKu5Nb4iA=",
      "cpu": [
        "arm64"
      ],
      "dev": true,
      "license": "MIT",
      "optional": true,
      "os": [
        "android"
      ],
      "engines": {
        "node": ">=12"
      }
    },
    "node_modules/@esbuild/android-x64": {
      "version": "0.19.11",
      "resolved": "https://pkgs.dev.azure.com/daimler-mic/_packaging/mercedes-developer-experience/npm/registry/@esbuild/android-x64/-/android-x64-0.19.11.tgz",
      "integrity": "sha1-v8AekXQLggEe9QPEj1SJUIJJIrI=",
      "cpu": [
        "x64"
      ],
      "dev": true,
      "license": "MIT",
      "optional": true,
      "os": [
        "android"
      ],
      "engines": {
        "node": ">=12"
      }
    },
    "node_modules/@esbuild/darwin-arm64": {
      "version": "0.19.11",
      "resolved": "https://pkgs.dev.azure.com/daimler-mic/_packaging/mercedes-developer-experience/npm/registry/@esbuild/darwin-arm64/-/darwin-arm64-0.19.11.tgz",
      "integrity": "sha1-Uz+39aCMNxIdgsZhmCY9zBvtKb8=",
      "cpu": [
        "arm64"
      ],
      "dev": true,
      "license": "MIT",
      "optional": true,
      "os": [
        "darwin"
      ],
      "engines": {
        "node": ">=12"
      }
    },
    "node_modules/@esbuild/darwin-x64": {
      "version": "0.19.11",
      "resolved": "https://pkgs.dev.azure.com/daimler-mic/_packaging/mercedes-developer-experience/npm/registry/@esbuild/darwin-x64/-/darwin-x64-0.19.11.tgz",
      "integrity": "sha1-YvOBnv9+Tdxla3xoFaMc+aHn2Y4=",
      "cpu": [
        "x64"
      ],
      "dev": true,
      "license": "MIT",
      "optional": true,
      "os": [
        "darwin"
      ],
      "engines": {
        "node": ">=12"
      }
    },
    "node_modules/@esbuild/freebsd-arm64": {
      "version": "0.19.11",
      "resolved": "https://pkgs.dev.azure.com/daimler-mic/_packaging/mercedes-developer-experience/npm/registry/@esbuild/freebsd-arm64/-/freebsd-arm64-0.19.11.tgz",
      "integrity": "sha1-1Hi0GVqjykQWAnLauF74uvQXW0o=",
      "cpu": [
        "arm64"
      ],
      "dev": true,
      "license": "MIT",
      "optional": true,
      "os": [
        "freebsd"
      ],
      "engines": {
        "node": ">=12"
      }
    },
    "node_modules/@esbuild/freebsd-x64": {
      "version": "0.19.11",
      "resolved": "https://pkgs.dev.azure.com/daimler-mic/_packaging/mercedes-developer-experience/npm/registry/@esbuild/freebsd-x64/-/freebsd-x64-0.19.11.tgz",
      "integrity": "sha1-e9zBkXQJF4JXymoaJ/4G55fsGKI=",
      "cpu": [
        "x64"
      ],
      "dev": true,
      "license": "MIT",
      "optional": true,
      "os": [
        "freebsd"
      ],
      "engines": {
        "node": ">=12"
      }
    },
    "node_modules/@esbuild/linux-arm": {
      "version": "0.19.11",
      "resolved": "https://pkgs.dev.azure.com/daimler-mic/_packaging/mercedes-developer-experience/npm/registry/@esbuild/linux-arm/-/linux-arm-0.19.11.tgz",
      "integrity": "sha1-zoIkbYc7VTTTTeHlwbMwJvNeYOM=",
      "cpu": [
        "arm"
      ],
      "dev": true,
      "license": "MIT",
      "optional": true,
      "os": [
        "linux"
      ],
      "engines": {
        "node": ">=12"
      }
    },
    "node_modules/@esbuild/linux-arm64": {
      "version": "0.19.11",
      "resolved": "https://pkgs.dev.azure.com/daimler-mic/_packaging/mercedes-developer-experience/npm/registry/@esbuild/linux-arm64/-/linux-arm64-0.19.11.tgz",
      "integrity": "sha1-WK1P8RaF/Mc11/9Mp1mrGPz+RUU=",
      "cpu": [
        "arm64"
      ],
      "dev": true,
      "license": "MIT",
      "optional": true,
      "os": [
        "linux"
      ],
      "engines": {
        "node": ">=12"
      }
    },
    "node_modules/@esbuild/linux-ia32": {
      "version": "0.19.11",
      "resolved": "https://pkgs.dev.azure.com/daimler-mic/_packaging/mercedes-developer-experience/npm/registry/@esbuild/linux-ia32/-/linux-ia32-0.19.11.tgz",
      "integrity": "sha1-y64fMTIJr/x0uA9DkMTDXGq4P6Q=",
      "cpu": [
        "ia32"
      ],
      "dev": true,
      "license": "MIT",
      "optional": true,
      "os": [
        "linux"
      ],
      "engines": {
        "node": ">=12"
      }
    },
    "node_modules/@esbuild/linux-loong64": {
      "version": "0.19.11",
      "resolved": "https://pkgs.dev.azure.com/daimler-mic/_packaging/mercedes-developer-experience/npm/registry/@esbuild/linux-loong64/-/linux-loong64-0.19.11.tgz",
      "integrity": "sha1-XzKurRw+yPTMzbftCLFmIk1OkSE=",
      "cpu": [
        "loong64"
      ],
      "dev": true,
      "license": "MIT",
      "optional": true,
      "os": [
        "linux"
      ],
      "engines": {
        "node": ">=12"
      }
    },
    "node_modules/@esbuild/linux-mips64el": {
      "version": "0.19.11",
      "resolved": "https://pkgs.dev.azure.com/daimler-mic/_packaging/mercedes-developer-experience/npm/registry/@esbuild/linux-mips64el/-/linux-mips64el-0.19.11.tgz",
      "integrity": "sha1-OO7PHLuMNqYWJh3oWLPBDQNBmvk=",
      "cpu": [
        "mips64el"
      ],
      "dev": true,
      "license": "MIT",
      "optional": true,
      "os": [
        "linux"
      ],
      "engines": {
        "node": ">=12"
      }
    },
    "node_modules/@esbuild/linux-ppc64": {
      "version": "0.19.11",
      "resolved": "https://pkgs.dev.azure.com/daimler-mic/_packaging/mercedes-developer-experience/npm/registry/@esbuild/linux-ppc64/-/linux-ppc64-0.19.11.tgz",
      "integrity": "sha1-nFclqU5uwVuTGV5aavuCFiiv2RI=",
      "cpu": [
        "ppc64"
      ],
      "dev": true,
      "license": "MIT",
      "optional": true,
      "os": [
        "linux"
      ],
      "engines": {
        "node": ">=12"
      }
    },
    "node_modules/@esbuild/linux-riscv64": {
      "version": "0.19.11",
      "resolved": "https://pkgs.dev.azure.com/daimler-mic/_packaging/mercedes-developer-experience/npm/registry/@esbuild/linux-riscv64/-/linux-riscv64-0.19.11.tgz",
      "integrity": "sha1-LcRIbUdKKmK75YcFIqmmAOKsuRY=",
      "cpu": [
        "riscv64"
      ],
      "dev": true,
      "license": "MIT",
      "optional": true,
      "os": [
        "linux"
      ],
      "engines": {
        "node": ">=12"
      }
    },
    "node_modules/@esbuild/linux-s390x": {
      "version": "0.19.11",
      "resolved": "https://pkgs.dev.azure.com/daimler-mic/_packaging/mercedes-developer-experience/npm/registry/@esbuild/linux-s390x/-/linux-s390x-0.19.11.tgz",
      "integrity": "sha1-SthWffSPfdTHHsWxdTtvN1YaZag=",
      "cpu": [
        "s390x"
      ],
      "dev": true,
      "license": "MIT",
      "optional": true,
      "os": [
        "linux"
      ],
      "engines": {
        "node": ">=12"
      }
    },
    "node_modules/@esbuild/linux-x64": {
      "version": "0.19.11",
      "resolved": "https://pkgs.dev.azure.com/daimler-mic/_packaging/mercedes-developer-experience/npm/registry/@esbuild/linux-x64/-/linux-x64-0.19.11.tgz",
      "integrity": "sha1-tzkMTVGE8gPr592u3wc9+Cplh2Y=",
      "cpu": [
        "x64"
      ],
      "dev": true,
      "license": "MIT",
      "optional": true,
      "os": [
        "linux"
      ],
      "engines": {
        "node": ">=12"
      }
    },
    "node_modules/@esbuild/netbsd-x64": {
      "version": "0.19.11",
      "resolved": "https://pkgs.dev.azure.com/daimler-mic/_packaging/mercedes-developer-experience/npm/registry/@esbuild/netbsd-x64/-/netbsd-x64-0.19.11.tgz",
      "integrity": "sha1-1jPAlJKhchN387zO2y2CG5EegT0=",
      "cpu": [
        "x64"
      ],
      "dev": true,
      "license": "MIT",
      "optional": true,
      "os": [
        "netbsd"
      ],
      "engines": {
        "node": ">=12"
      }
    },
    "node_modules/@esbuild/openbsd-x64": {
      "version": "0.19.11",
      "resolved": "https://pkgs.dev.azure.com/daimler-mic/_packaging/mercedes-developer-experience/npm/registry/@esbuild/openbsd-x64/-/openbsd-x64-0.19.11.tgz",
      "integrity": "sha1-FziMduLwESW/gxpowDp//Mtl0aI=",
      "cpu": [
        "x64"
      ],
      "dev": true,
      "license": "MIT",
      "optional": true,
      "os": [
        "openbsd"
      ],
      "engines": {
        "node": ">=12"
      }
    },
    "node_modules/@esbuild/sunos-x64": {
      "version": "0.19.11",
      "resolved": "https://pkgs.dev.azure.com/daimler-mic/_packaging/mercedes-developer-experience/npm/registry/@esbuild/sunos-x64/-/sunos-x64-0.19.11.tgz",
      "integrity": "sha1-4yBjbwC7n0/fOoDlSMt0M3DUF2c=",
      "cpu": [
        "x64"
      ],
      "dev": true,
      "license": "MIT",
      "optional": true,
      "os": [
        "sunos"
      ],
      "engines": {
        "node": ">=12"
      }
    },
    "node_modules/@esbuild/win32-arm64": {
      "version": "0.19.11",
      "resolved": "https://pkgs.dev.azure.com/daimler-mic/_packaging/mercedes-developer-experience/npm/registry/@esbuild/win32-arm64/-/win32-arm64-0.19.11.tgz",
      "integrity": "sha1-x3i0WklukLb8Nz4qK7By8UQf4O4=",
      "cpu": [
        "arm64"
      ],
      "dev": true,
      "license": "MIT",
      "optional": true,
      "os": [
        "win32"
      ],
      "engines": {
        "node": ">=12"
      }
    },
    "node_modules/@esbuild/win32-ia32": {
      "version": "0.19.11",
      "resolved": "https://pkgs.dev.azure.com/daimler-mic/_packaging/mercedes-developer-experience/npm/registry/@esbuild/win32-ia32/-/win32-ia32-0.19.11.tgz",
      "integrity": "sha1-SBpl/uLlzOdOxEgj5rCeztzFGUw=",
      "cpu": [
        "ia32"
      ],
      "dev": true,
      "license": "MIT",
      "optional": true,
      "os": [
        "win32"
      ],
      "engines": {
        "node": ">=12"
      }
    },
    "node_modules/@esbuild/win32-x64": {
      "version": "0.19.11",
      "resolved": "https://pkgs.dev.azure.com/daimler-mic/_packaging/mercedes-developer-experience/npm/registry/@esbuild/win32-x64/-/win32-x64-0.19.11.tgz",
      "integrity": "sha1-pdMAAIlguzlnfEa/FvU+xw2N7gQ=",
      "cpu": [
        "x64"
      ],
      "dev": true,
      "license": "MIT",
      "optional": true,
      "os": [
        "win32"
      ],
      "engines": {
        "node": ">=12"
      }
    },
    "node_modules/@rollup/rollup-android-arm-eabi": {
      "version": "4.9.2",
      "resolved": "https://pkgs.dev.azure.com/daimler-mic/_packaging/mercedes-developer-experience/npm/registry/@rollup/rollup-android-arm-eabi/-/rollup-android-arm-eabi-4.9.2.tgz",
      "integrity": "sha1-zLAiV1VrrLwedWq5sLlzzqLHpmQ=",
      "cpu": [
        "arm"
      ],
      "dev": true,
      "license": "MIT",
      "optional": true,
      "os": [
        "android"
      ]
    },
    "node_modules/@rollup/rollup-android-arm64": {
      "version": "4.9.2",
      "resolved": "https://pkgs.dev.azure.com/daimler-mic/_packaging/mercedes-developer-experience/npm/registry/@rollup/rollup-android-arm64/-/rollup-android-arm64-4.9.2.tgz",
      "integrity": "sha1-Ib0Puv30QsahdkW4QPapRVaw6bs=",
      "cpu": [
        "arm64"
      ],
      "dev": true,
      "license": "MIT",
      "optional": true,
      "os": [
        "android"
      ]
    },
    "node_modules/@rollup/rollup-darwin-arm64": {
      "version": "4.9.2",
      "resolved": "https://pkgs.dev.azure.com/daimler-mic/_packaging/mercedes-developer-experience/npm/registry/@rollup/rollup-darwin-arm64/-/rollup-darwin-arm64-4.9.2.tgz",
      "integrity": "sha1-ny5dVjdnf5g52+FiITDQWSF5E2o=",
      "cpu": [
        "arm64"
      ],
      "dev": true,
      "license": "MIT",
      "optional": true,
      "os": [
        "darwin"
      ]
    },
    "node_modules/@rollup/rollup-darwin-x64": {
      "version": "4.9.2",
      "resolved": "https://pkgs.dev.azure.com/daimler-mic/_packaging/mercedes-developer-experience/npm/registry/@rollup/rollup-darwin-x64/-/rollup-darwin-x64-4.9.2.tgz",
      "integrity": "sha1-GwYpH/HEGvlNJ4bNFnGIxb98rsk=",
      "cpu": [
        "x64"
      ],
      "dev": true,
      "license": "MIT",
      "optional": true,
      "os": [
        "darwin"
      ]
    },
    "node_modules/@rollup/rollup-linux-arm-gnueabihf": {
      "version": "4.9.2",
      "resolved": "https://pkgs.dev.azure.com/daimler-mic/_packaging/mercedes-developer-experience/npm/registry/@rollup/rollup-linux-arm-gnueabihf/-/rollup-linux-arm-gnueabihf-4.9.2.tgz",
      "integrity": "sha1-FHBplIu6APQ1Ei9BEhBiTnJjjr8=",
      "cpu": [
        "arm"
      ],
      "dev": true,
      "license": "MIT",
      "optional": true,
      "os": [
        "linux"
      ]
    },
    "node_modules/@rollup/rollup-linux-arm64-gnu": {
      "version": "4.9.2",
      "resolved": "https://pkgs.dev.azure.com/daimler-mic/_packaging/mercedes-developer-experience/npm/registry/@rollup/rollup-linux-arm64-gnu/-/rollup-linux-arm64-gnu-4.9.2.tgz",
      "integrity": "sha1-OlDw565uRE0Rxh/OEngxlkVKTvs=",
      "cpu": [
        "arm64"
      ],
      "dev": true,
      "license": "MIT",
      "optional": true,
      "os": [
        "linux"
      ]
    },
    "node_modules/@rollup/rollup-linux-arm64-musl": {
      "version": "4.9.2",
      "resolved": "https://pkgs.dev.azure.com/daimler-mic/_packaging/mercedes-developer-experience/npm/registry/@rollup/rollup-linux-arm64-musl/-/rollup-linux-arm64-musl-4.9.2.tgz",
      "integrity": "sha1-grXnVITZHCXU5knQGNlSPnLW2sI=",
      "cpu": [
        "arm64"
      ],
      "dev": true,
      "license": "MIT",
      "optional": true,
      "os": [
        "linux"
      ]
    },
    "node_modules/@rollup/rollup-linux-riscv64-gnu": {
      "version": "4.9.2",
      "resolved": "https://pkgs.dev.azure.com/daimler-mic/_packaging/mercedes-developer-experience/npm/registry/@rollup/rollup-linux-riscv64-gnu/-/rollup-linux-riscv64-gnu-4.9.2.tgz",
      "integrity": "sha1-ypby1DpVPXOuxzbpkcBwEFYbx6k=",
      "cpu": [
        "riscv64"
      ],
      "dev": true,
      "license": "MIT",
      "optional": true,
      "os": [
        "linux"
      ]
    },
    "node_modules/@rollup/rollup-linux-x64-gnu": {
      "version": "4.9.2",
      "resolved": "https://pkgs.dev.azure.com/daimler-mic/_packaging/mercedes-developer-experience/npm/registry/@rollup/rollup-linux-x64-gnu/-/rollup-linux-x64-gnu-4.9.2.tgz",
      "integrity": "sha1-2xzs4kTqRnBsDhpSLsGcoBc6vFU=",
      "cpu": [
        "x64"
      ],
      "dev": true,
      "license": "MIT",
      "optional": true,
      "os": [
        "linux"
      ]
    },
    "node_modules/@rollup/rollup-linux-x64-musl": {
      "version": "4.9.2",
      "resolved": "https://pkgs.dev.azure.com/daimler-mic/_packaging/mercedes-developer-experience/npm/registry/@rollup/rollup-linux-x64-musl/-/rollup-linux-x64-musl-4.9.2.tgz",
      "integrity": "sha1-wVsmuGgn91l3v1nr1Bzl14hxOTY=",
      "cpu": [
        "x64"
      ],
      "dev": true,
      "license": "MIT",
      "optional": true,
      "os": [
        "linux"
      ]
    },
    "node_modules/@rollup/rollup-win32-arm64-msvc": {
      "version": "4.9.2",
      "resolved": "https://pkgs.dev.azure.com/daimler-mic/_packaging/mercedes-developer-experience/npm/registry/@rollup/rollup-win32-arm64-msvc/-/rollup-win32-arm64-msvc-4.9.2.tgz",
      "integrity": "sha1-YBUpSPn7COjFDBVV4zTKn58fU6o=",
      "cpu": [
        "arm64"
      ],
      "dev": true,
      "license": "MIT",
      "optional": true,
      "os": [
        "win32"
      ]
    },
    "node_modules/@rollup/rollup-win32-ia32-msvc": {
      "version": "4.9.2",
      "resolved": "https://pkgs.dev.azure.com/daimler-mic/_packaging/mercedes-developer-experience/npm/registry/@rollup/rollup-win32-ia32-msvc/-/rollup-win32-ia32-msvc-4.9.2.tgz",
      "integrity": "sha1-ZXKIz/EDEfmX2NvWSFkEQXYK5tk=",
      "cpu": [
        "ia32"
      ],
      "dev": true,
      "license": "MIT",
      "optional": true,
      "os": [
        "win32"
      ]
    },
    "node_modules/@rollup/rollup-win32-x64-msvc": {
      "version": "4.9.2",
      "resolved": "https://pkgs.dev.azure.com/daimler-mic/_packaging/mercedes-developer-experience/npm/registry/@rollup/rollup-win32-x64-msvc/-/rollup-win32-x64-msvc-4.9.2.tgz",
      "integrity": "sha1-gw86P7pn9iFqWIQ2hDGRgCkEWv4=",
      "cpu": [
        "x64"
      ],
      "dev": true,
      "license": "MIT",
      "optional": true,
      "os": [
        "win32"
      ]
    },
    "node_modules/esbuild": {
      "version": "0.19.11",
      "resolved": "https://pkgs.dev.azure.com/daimler-mic/_packaging/mercedes-developer-experience/npm/registry/esbuild/-/esbuild-0.19.11.tgz",
      "integrity": "sha1-SgLcoDHnaLVVZgbhtGj+cuMyXZY=",
      "dev": true,
      "hasInstallScript": true,
      "license": "MIT",
      "bin": {
        "esbuild": "bin/esbuild"
      },
      "engines": {
        "node": ">=12"
      },
      "optionalDependencies": {
        "@esbuild/aix-ppc64": "0.19.11",
        "@esbuild/android-arm": "0.19.11",
        "@esbuild/android-arm64": "0.19.11",
        "@esbuild/android-x64": "0.19.11",
        "@esbuild/darwin-arm64": "0.19.11",
        "@esbuild/darwin-x64": "0.19.11",
        "@esbuild/freebsd-arm64": "0.19.11",
        "@esbuild/freebsd-x64": "0.19.11",
        "@esbuild/linux-arm": "0.19.11",
        "@esbuild/linux-arm64": "0.19.11",
        "@esbuild/linux-ia32": "0.19.11",
        "@esbuild/linux-loong64": "0.19.11",
        "@esbuild/linux-mips64el": "0.19.11",
        "@esbuild/linux-ppc64": "0.19.11",
        "@esbuild/linux-riscv64": "0.19.11",
        "@esbuild/linux-s390x": "0.19.11",
        "@esbuild/linux-x64": "0.19.11",
        "@esbuild/netbsd-x64": "0.19.11",
        "@esbuild/openbsd-x64": "0.19.11",
        "@esbuild/sunos-x64": "0.19.11",
        "@esbuild/win32-arm64": "0.19.11",
        "@esbuild/win32-ia32": "0.19.11",
        "@esbuild/win32-x64": "0.19.11"
      }
    },
    "node_modules/fsevents": {
      "version": "2.3.3",
      "resolved": "https://pkgs.dev.azure.com/daimler-mic/_packaging/mercedes-developer-experience/npm/registry/fsevents/-/fsevents-2.3.3.tgz",
      "integrity": "sha1-ysZAd4XQNnWipeGlMFxpezR9kNY=",
      "dev": true,
      "license": "MIT",
      "optional": true,
      "os": [
        "darwin"
      ],
      "engines": {
        "node": "^8.16.0 || ^10.6.0 || >=11.0.0"
      }
    },
    "node_modules/nanoid": {
      "version": "3.3.7",
      "resolved": "https://pkgs.dev.azure.com/daimler-mic/_packaging/mercedes-developer-experience/npm/registry/nanoid/-/nanoid-3.3.7.tgz",
      "integrity": "sha1-0MMBppG8jVTvoKIibM8/4v1la9g=",
      "dev": true,
      "funding": [
        {
          "type": "github",
          "url": "https://github.com/sponsors/ai"
        }
      ],
      "license": "MIT",
      "bin": {
        "nanoid": "bin/nanoid.cjs"
      },
      "engines": {
        "node": "^10 || ^12 || ^13.7 || ^14 || >=15.0.1"
      }
    },
    "node_modules/picocolors": {
      "version": "1.0.0",
      "resolved": "https://pkgs.dev.azure.com/daimler-mic/_packaging/mercedes-developer-experience/npm/registry/picocolors/-/picocolors-1.0.0.tgz",
      "integrity": "sha1-y1vcdP8/UYkiNur3nWi8RFZKuBw=",
      "dev": true,
      "license": "ISC"
    },
    "node_modules/postcss": {
      "version": "8.4.32",
      "resolved": "https://pkgs.dev.azure.com/daimler-mic/_packaging/mercedes-developer-experience/npm/registry/postcss/-/postcss-8.4.32.tgz",
      "integrity": "sha1-HaxqxRqxmtshuLNP0tk6hkQO9sk=",
      "dev": true,
      "funding": [
        {
          "type": "opencollective",
          "url": "https://opencollective.com/postcss/"
        },
        {
          "type": "tidelift",
          "url": "https://tidelift.com/funding/github/npm/postcss"
        },
        {
          "type": "github",
          "url": "https://github.com/sponsors/ai"
        }
      ],
      "license": "MIT",
      "dependencies": {
        "nanoid": "^3.3.7",
        "picocolors": "^1.0.0",
        "source-map-js": "^1.0.2"
      },
      "engines": {
        "node": "^10 || ^12 || >=14"
      }
    },
    "node_modules/rollup": {
      "version": "4.9.2",
      "resolved": "https://pkgs.dev.azure.com/daimler-mic/_packaging/mercedes-developer-experience/npm/registry/rollup/-/rollup-4.9.2.tgz",
      "integrity": "sha1-GdcwIZt+xfUTcsbPFc+4QZkEif4=",
      "dev": true,
      "license": "MIT",
      "bin": {
        "rollup": "dist/bin/rollup"
      },
      "engines": {
        "node": ">=18.0.0",
        "npm": ">=8.0.0"
      },
      "optionalDependencies": {
        "@rollup/rollup-android-arm-eabi": "4.9.2",
        "@rollup/rollup-android-arm64": "4.9.2",
        "@rollup/rollup-darwin-arm64": "4.9.2",
        "@rollup/rollup-darwin-x64": "4.9.2",
        "@rollup/rollup-linux-arm-gnueabihf": "4.9.2",
        "@rollup/rollup-linux-arm64-gnu": "4.9.2",
        "@rollup/rollup-linux-arm64-musl": "4.9.2",
        "@rollup/rollup-linux-riscv64-gnu": "4.9.2",
        "@rollup/rollup-linux-x64-gnu": "4.9.2",
        "@rollup/rollup-linux-x64-musl": "4.9.2",
        "@rollup/rollup-win32-arm64-msvc": "4.9.2",
        "@rollup/rollup-win32-ia32-msvc": "4.9.2",
        "@rollup/rollup-win32-x64-msvc": "4.9.2",
        "fsevents": "~2.3.2"
      }
    },
    "node_modules/source-map-js": {
      "version": "1.0.2",
      "resolved": "https://pkgs.dev.azure.com/daimler-mic/_packaging/mercedes-developer-experience/npm/registry/source-map-js/-/source-map-js-1.0.2.tgz",
      "integrity": "sha1-rbw2HZxi3zgBJefxYfccgm8eSQw=",
      "dev": true,
      "license": "BSD-3-Clause",
      "engines": {
        "node": ">=0.10.0"
      }
    },
    "node_modules/vite": {
      "version": "5.0.10",
      "resolved": "https://pkgs.dev.azure.com/daimler-mic/_packaging/mercedes-developer-experience/npm/registry/vite/-/vite-5.0.10.tgz",
      "integrity": "sha1-HhPvXDz1qk7tgfXfbRB7PD8fY1Y=",
      "dev": true,
      "license": "MIT",
      "dependencies": {
        "esbuild": "^0.19.3",
        "postcss": "^8.4.32",
        "rollup": "^4.2.0"
      },
      "bin": {
        "vite": "bin/vite.js"
      },
      "engines": {
        "node": "^18.0.0 || >=20.0.0"
      },
      "funding": {
        "url": "https://github.com/vitejs/vite?sponsor=1"
      },
      "optionalDependencies": {
        "fsevents": "~2.3.3"
      },
      "peerDependencies": {
        "@types/node": "^18.0.0 || >=20.0.0",
        "less": "*",
        "lightningcss": "^1.21.0",
        "sass": "*",
        "stylus": "*",
        "sugarss": "*",
        "terser": "^5.4.0"
      },
      "peerDependenciesMeta": {
        "@types/node": {
          "optional": true
        },
        "less": {
          "optional": true
        },
        "lightningcss": {
          "optional": true
        },
        "sass": {
          "optional": true
        },
        "stylus": {
          "optional": true
        },
        "sugarss": {
          "optional": true
        },
        "terser": {
          "optional": true
        }
      }
    }
  }
}
